// !$*UTF8*$!
{
	archiveVersion = 1;
	classes = {
	};
	objectVersion = 46;
	objects = {

/* Begin PBXBuildFile section */
		346C0ACD1A3C24DF00831620 /* BST.cpp in Sources */ = {isa = PBXBuildFile; fileRef = 346C0ACA1A3C24DF00831620 /* BST.cpp */; };
		346C0ACE1A3C24DF00831620 /* main_BST.CPP in Sources */ = {isa = PBXBuildFile; fileRef = 346C0ACC1A3C24DF00831620 /* main_BST.CPP */; };
		34944F511A3BE7D70070B225 /* main.cpp in Sources */ = {isa = PBXBuildFile; fileRef = 34944F501A3BE7D70070B225 /* main.cpp */; };
/* End PBXBuildFile section */

/* Begin PBXCopyFilesBuildPhase section */
		34944F4B1A3BE7D70070B225 /* CopyFiles */ = {
			isa = PBXCopyFilesBuildPhase;
			buildActionMask = 2147483647;
			dstPath = /usr/share/man/man1/;
			dstSubfolderSpec = 0;
			files = (
			);
			runOnlyForDeploymentPostprocessing = 1;
		};
/* End PBXCopyFilesBuildPhase section */

/* Begin PBXFileReference section */
		346C0ACA1A3C24DF00831620 /* BST.cpp */ = {isa = PBXFileReference; fileEncoding = 4; lastKnownFileType = sourcecode.cpp.cpp; path = BST.cpp; sourceTree = "<group>"; };
		346C0ACB1A3C24DF00831620 /* BST.h */ = {isa = PBXFileReference; fileEncoding = 4; lastKnownFileType = sourcecode.c.h; path = BST.h; sourceTree = "<group>"; };
		346C0ACC1A3C24DF00831620 /* main_BST.CPP */ = {isa = PBXFileReference; fileEncoding = 4; lastKnownFileType = sourcecode.cpp.cpp; path = main_BST.CPP; sourceTree = "<group>"; };
		34944F4D1A3BE7D70070B225 /* Final_BinaryTree */ = {isa = PBXFileReference; explicitFileType = "compiled.mach-o.executable"; includeInIndex = 0; path = Final_BinaryTree; sourceTree = BUILT_PRODUCTS_DIR; };
		34944F501A3BE7D70070B225 /* main.cpp */ = {isa = PBXFileReference; lastKnownFileType = sourcecode.cpp.cpp; path = main.cpp; sourceTree = "<group>"; };
/* End PBXFileReference section */

/* Begin PBXFrameworksBuildPhase section */
		34944F4A1A3BE7D70070B225 /* Frameworks */ = {
			isa = PBXFrameworksBuildPhase;
			buildActionMask = 2147483647;
			files = (
			);
			runOnlyForDeploymentPostprocessing = 0;
		};
/* End PBXFrameworksBuildPhase section */

/* Begin PBXGroup section */
		34944F441A3BE7D70070B225 = {
			isa = PBXGroup;
			children = (
				34944F4F1A3BE7D70070B225 /* Final_BinaryTree */,
				34944F4E1A3BE7D70070B225 /* Products */,
			);
			sourceTree = "<group>";
		};
		34944F4E1A3BE7D70070B225 /* Products */ = {
			isa = PBXGroup;
			children = (
				34944F4D1A3BE7D70070B225 /* Final_BinaryTree */,
			);
			name = Products;
			sourceTree = "<group>";
		};
		34944F4F1A3BE7D70070B225 /* Final_BinaryTree */ = {
			isa = PBXGroup;
			children = (
				346C0ACA1A3C24DF00831620 /* BST.cpp */,
				346C0ACB1A3C24DF00831620 /* BST.h */,
				346C0ACC1A3C24DF00831620 /* main_BST.CPP */,
				34944F501A3BE7D70070B225 /* main.cpp */,
			);
			path = Final_BinaryTree;
			sourceTree = "<group>";
		};
/* End PBXGroup section */

/* Begin PBXNativeTarget section */
		34944F4C1A3BE7D70070B225 /* Final_BinaryTree */ = {
			isa = PBXNativeTarget;
			buildConfigurationList = 34944F541A3BE7D70070B225 /* Build configuration list for PBXNativeTarget "Final_BinaryTree" */;
			buildPhases = (
				34944F491A3BE7D70070B225 /* Sources */,
				34944F4A1A3BE7D70070B225 /* Frameworks */,
				34944F4B1A3BE7D70070B225 /* CopyFiles */,
			);
			buildRules = (
			);
			dependencies = (
			);
			name = Final_BinaryTree;
			productName = Final_BinaryTree;
			productReference = 34944F4D1A3BE7D70070B225 /* Final_BinaryTree */;
			productType = "com.apple.product-type.tool";
		};
/* End PBXNativeTarget section */

/* Begin PBXProject section */
		34944F451A3BE7D70070B225 /* Project object */ = {
			isa = PBXProject;
			attributes = {
				LastUpgradeCheck = 0610;
				ORGANIZATIONNAME = "Kory Brown";
				TargetAttributes = {
					34944F4C1A3BE7D70070B225 = {
						CreatedOnToolsVersion = 6.1.1;
					};
				};
			};
			buildConfigurationList = 34944F481A3BE7D70070B225 /* Build configuration list for PBXProject "Final_BinaryTree" */;
			compatibilityVersion = "Xcode 3.2";
			developmentRegion = English;
			hasScannedForEncodings = 0;
			knownRegions = (
				en,
			);
			mainGroup = 34944F441A3BE7D70070B225;
			productRefGroup = 34944F4E1A3BE7D70070B225 /* Products */;
			projectDirPath = "";
			projectRoot = "";
			targets = (
				34944F4C1A3BE7D70070B225 /* Final_BinaryTree */,
			);
		};
/* End PBXProject section */

/* Begin PBXSourcesBuildPhase section */
		34944F491A3BE7D70070B225 /* Sources */ = {
			isa = PBXSourcesBuildPhase;
			buildActionMask = 2147483647;
			files = (
				34944F511A3BE7D70070B225 /* main.cpp in Sources */,
				346C0ACD1A3C24DF00831620 /* BST.cpp in Sources */,
				346C0ACE1A3C24DF00831620 /* main_BST.CPP in Sources */,
			);
			runOnlyForDeploymentPostprocessing = 0;
		};
/* End PBXSourcesBuildPhase section */

/* Begin XCBuildConfiguration section */
		34944F521A3BE7D70070B225 /* Debug */ = {
			isa = XCBuildConfiguration;
			buildSettings = {
				ALWAYS_SEARCH_USER_PATHS = NO;
				CLANG_CXX_LANGUAGE_STANDARD = "gnu++0x";
				CLANG_CXX_LIBRARY = "libc++";
				CLANG_ENABLE_MODULES = YES;
				CLANG_ENABLE_OBJC_ARC = YES;
				CLANG_WARN_BOOL_CONVERSION = YES;
				CLANG_WARN_CONSTANT_CONVERSION = YES;
				CLANG_WARN_DIRECT_OBJC_ISA_USAGE = YES_ERROR;
				CLANG_WARN_EMPTY_BODY = YES;
				CLANG_WARN_ENUM_CONVERSION = YES;
				CLANG_WARN_INT_CONVERSION = YES;
				CLANG_WARN_OBJC_ROOT_CLASS = YES_ERROR;
				CLANG_WARN_UNREACHABLE_CODE = YES;
				CLANG_WARN__DUPLICATE_METHOD_MATCH = YES;
				COPY_PHASE_STRIP = NO;
				ENABLE_STRICT_OBJC_MSGSEND = YES;
				GCC_C_LANGUAGE_STANDARD = gnu99;
				GCC_DYNAMIC_NO_PIC = NO;
				GCC_OPTIMIZATION_LEVEL = 0;
				GCC_PREPROCESSOR_DEFINITIONS = (
					"DEBUG=1",
					"$(inherited)",
				);
				GCC_SYMBOLS_PRIVATE_EXTERN = NO;
				GCC_WARN_64_TO_32_BIT_CONVERSION = YES;
				GCC_WARN_ABOUT_RETURN_TYPE = YES_ERROR;
				GCC_WARN_UNDECLARED_SELECTOR = YES;
				GCC_WARN_UNINITIALIZED_AUTOS = YES_AGGRESSIVE;
				GCC_WARN_UNUSED_FUNCTION = YES;
				GCC_WARN_UNUSED_VARIABLE = YES;
				MACOSX_DEPLOYMENT_TARGET = 10.10;
				MTL_ENABLE_DEBUG_INFO = YES;
				ONLY_ACTIVE_ARCH = YES;
				SDKROOT = macosx;
			};
			name = Debug;
		};
		34944F531A3BE7D70070B225 /* Release */ = {
			isa = XCBuildConfiguration;
			buildSettings = {
				ALWAYS_SEARCH_USER_PATHS = NO;
				CLANG_CXX_LANGUAGE_STANDARD = "gnu++0x";
				CLANG_CXX_LIBRARY = "libc++";
				CLANG_ENABLE_MODULES = YES;
				CLANG_ENABLE_OBJC_ARC = YES;
				CLANG_WARN_BOOL_CONVERSION = YES;
				CLANG_WARN_CONSTANT_CONVERSION = YES;
				CLANG_WARN_DIRECT_OBJC_ISA_USAGE = YES_ERROR;
				CLANG_WARN_EMPTY_BODY = YES;
				CLANG_WARN_ENUM_CONVERSION = YES;
				CLANG_WARN_INT_CONVERSION = YES;
				CLANG_WARN_OBJC_ROOT_CLASS = YES_ERROR;
				CLANG_WARN_UNREACHABLE_CODE = YES;
				CLANG_WARN__DUPLICATE_METHOD_MATCH = YES;
				COPY_PHASE_STRIP = YES;
				DEBUG_INFORMATION_FORMAT = "dwarf-with-dsym";
				ENABLE_NS_ASSERTIONS = NO;
				ENABLE_STRICT_OBJC_MSGSEND = YES;
				GCC_C_LANGUAGE_STANDARD = gnu99;
				GCC_WARN_64_TO_32_BIT_CONVERSION = YES;
				GCC_WARN_ABOUT_RETURN_TYPE = YES_ERROR;
				GCC_WARN_UNDECLARED_SELECTOR = YES;
				GCC_WARN_UNINITIALIZED_AUTOS = YES_AGGRESSIVE;
				GCC_WARN_UNUSED_FUNCTION = YES;
				GCC_WARN_UNUSED_VARIABLE = YES;
				MACOSX_DEPLOYMENT_TARGET = 10.10;
				MTL_ENABLE_DEBUG_INFO = NO;
				SDKROOT = macosx;
			};
			name = Release;
		};
		34944F551A3BE7D70070B225 /* Debug */ = {
			isa = XCBuildConfiguration;
			buildSettings = {
				PRODUCT_NAME = "$(TARGET_NAME)";
			};
			name = Debug;
		};
		34944F561A3BE7D70070B225 /* Release */ = {
			isa = XCBuildConfiguration;
			buildSettings = {
				PRODUCT_NAME = "$(TARGET_NAME)";
			};
			name = Release;
		};
/* End XCBuildConfiguration section */

/* Begin XCConfigurationList section */
		34944F481A3BE7D70070B225 /* Build configuration list for PBXProject "Final_BinaryTree" */ = {
			isa = XCConfigurationList;
			buildConfigurations = (
				34944F521A3BE7D70070B225 /* Debug */,
				34944F531A3BE7D70070B225 /* Release */,
			);
			defaultConfigurationIsVisible = 0;
			defaultConfigurationName = Release;
		};
		34944F541A3BE7D70070B225 /* Build configuration list for PBXNativeTarget "Final_BinaryTree" */ = {
			isa = XCConfigurationList;
			buildConfigurations = (
				34944F551A3BE7D70070B225 /* Debug */,
				34944F561A3BE7D70070B225 /* Release */,
			);
			defaultConfigurationIsVisible = 0;
			defaultConfigurationName = Release;
		};
/* End XCConfigurationList section */
	};
	rootObject = 34944F451A3BE7D70070B225 /* Project object */;
}
