// !$*UTF8*$!
{
	archiveVersion = 1;
	classes = {
	};
	objectVersion = 46;
	objects = {

/* Begin PBXBuildFile section */
		345115C01A422299001A2CB9 /* main.cpp in Sources */ = {isa = PBXBuildFile; fileRef = 345115BD1A422299001A2CB9 /* main.cpp */; };
/* End PBXBuildFile section */

/* Begin PBXCopyFilesBuildPhase section */
		345115B01A422247001A2CB9 /* CopyFiles */ = {
			isa = PBXCopyFilesBuildPhase;
			buildActionMask = 2147483647;
			dstPath = /usr/share/man/man1/;
			dstSubfolderSpec = 0;
			files = (
			);
			runOnlyForDeploymentPostprocessing = 1;
		};
/* End PBXCopyFilesBuildPhase section */

/* Begin PBXFileReference section */
		345115B21A422247001A2CB9 /* Midterm_Project */ = {isa = PBXFileReference; explicitFileType = "compiled.mach-o.executable"; includeInIndex = 0; path = Midterm_Project; sourceTree = BUILT_PRODUCTS_DIR; };
		345115BC1A422299001A2CB9 /* Customer.h */ = {isa = PBXFileReference; fileEncoding = 4; lastKnownFileType = sourcecode.c.h; path = Customer.h; sourceTree = "<group>"; };
		345115BD1A422299001A2CB9 /* main.cpp */ = {isa = PBXFileReference; fileEncoding = 4; lastKnownFileType = sourcecode.cpp.cpp; path = main.cpp; sourceTree = "<group>"; };
		345115BE1A422299001A2CB9 /* PriorityQueue.h */ = {isa = PBXFileReference; fileEncoding = 4; lastKnownFileType = sourcecode.c.h; path = PriorityQueue.h; sourceTree = "<group>"; };
		345115C11A4223B9001A2CB9 /* Business.h */ = {isa = PBXFileReference; lastKnownFileType = sourcecode.c.h; path = Business.h; sourceTree = "<group>"; };
		345115C21A4228E6001A2CB9 /* Hospital.h */ = {isa = PBXFileReference; lastKnownFileType = sourcecode.c.h; path = Hospital.h; sourceTree = "<group>"; };
		345115C31A423C08001A2CB9 /* Patient.h */ = {isa = PBXFileReference; lastKnownFileType = sourcecode.c.h; path = Patient.h; sourceTree = "<group>"; };
		345115C41A431921001A2CB9 /* Bank.h */ = {isa = PBXFileReference; lastKnownFileType = sourcecode.c.h; path = Bank.h; sourceTree = "<group>"; };
		345115C51A433131001A2CB9 /* Grocery_Store.h */ = {isa = PBXFileReference; lastKnownFileType = sourcecode.c.h; path = Grocery_Store.h; sourceTree = "<group>"; };
		345115C91A436A59001A2CB9 /* Grocery_Store_Inventory.h */ = {isa = PBXFileReference; lastKnownFileType = sourcecode.c.h; path = Grocery_Store_Inventory.h; sourceTree = "<group>"; };
		345115CA1A439ED6001A2CB9 /* BusinessManager.h */ = {isa = PBXFileReference; lastKnownFileType = sourcecode.c.h; path = BusinessManager.h; sourceTree = "<group>"; };
		345115CB1A43C648001A2CB9 /* HashTable.h */ = {isa = PBXFileReference; lastKnownFileType = sourcecode.c.h; path = HashTable.h; sourceTree = "<group>"; };
		345115CC1A43C720001A2CB9 /* LinkedHashEntry.h */ = {isa = PBXFileReference; lastKnownFileType = sourcecode.c.h; path = LinkedHashEntry.h; sourceTree = "<group>"; };
/* End PBXFileReference section */

/* Begin PBXFrameworksBuildPhase section */
		345115AF1A422247001A2CB9 /* Frameworks */ = {
			isa = PBXFrameworksBuildPhase;
			buildActionMask = 2147483647;
			files = (
			);
			runOnlyForDeploymentPostprocessing = 0;
		};
/* End PBXFrameworksBuildPhase section */

/* Begin PBXGroup section */
		345115A91A422247001A2CB9 = {
			isa = PBXGroup;
			children = (
				345115B41A422247001A2CB9 /* Midterm_Project */,
				345115B31A422247001A2CB9 /* Products */,
			);
			sourceTree = "<group>";
		};
		345115B31A422247001A2CB9 /* Products */ = {
			isa = PBXGroup;
			children = (
				345115B21A422247001A2CB9 /* Midterm_Project */,
			);
			name = Products;
			sourceTree = "<group>";
		};
		345115B41A422247001A2CB9 /* Midterm_Project */ = {
			isa = PBXGroup;
			children = (
				345115BC1A422299001A2CB9 /* Customer.h */,
				345115C31A423C08001A2CB9 /* Patient.h */,
				345115BD1A422299001A2CB9 /* main.cpp */,
				345115BE1A422299001A2CB9 /* PriorityQueue.h */,
				345115C11A4223B9001A2CB9 /* Business.h */,
				345115C21A4228E6001A2CB9 /* Hospital.h */,
				345115C41A431921001A2CB9 /* Bank.h */,
				345115C51A433131001A2CB9 /* Grocery_Store.h */,
				345115C91A436A59001A2CB9 /* Grocery_Store_Inventory.h */,
				345115CA1A439ED6001A2CB9 /* BusinessManager.h */,
				345115CB1A43C648001A2CB9 /* HashTable.h */,
				345115CC1A43C720001A2CB9 /* LinkedHashEntry.h */,
			);
			path = Midterm_Project;
			sourceTree = "<group>";
		};
/* End PBXGroup section */

/* Begin PBXNativeTarget section */
		345115B11A422247001A2CB9 /* Midterm_Project */ = {
			isa = PBXNativeTarget;
			buildConfigurationList = 345115B91A422247001A2CB9 /* Build configuration list for PBXNativeTarget "Midterm_Project" */;
			buildPhases = (
				345115AE1A422247001A2CB9 /* Sources */,
				345115AF1A422247001A2CB9 /* Frameworks */,
				345115B01A422247001A2CB9 /* CopyFiles */,
			);
			buildRules = (
			);
			dependencies = (
			);
			name = Midterm_Project;
			productName = Midterm_Project;
			productReference = 345115B21A422247001A2CB9 /* Midterm_Project */;
			productType = "com.apple.product-type.tool";
		};
/* End PBXNativeTarget section */

/* Begin PBXProject section */
		345115AA1A422247001A2CB9 /* Project object */ = {
			isa = PBXProject;
			attributes = {
				LastUpgradeCheck = 0610;
				ORGANIZATIONNAME = "Kory Brown";
				TargetAttributes = {
					345115B11A422247001A2CB9 = {
						CreatedOnToolsVersion = 6.1.1;
					};
				};
			};
			buildConfigurationList = 345115AD1A422247001A2CB9 /* Build configuration list for PBXProject "Midterm_Project" */;
			compatibilityVersion = "Xcode 3.2";
			developmentRegion = English;
			hasScannedForEncodings = 0;
			knownRegions = (
				en,
			);
			mainGroup = 345115A91A422247001A2CB9;
			productRefGroup = 345115B31A422247001A2CB9 /* Products */;
			projectDirPath = "";
			projectRoot = "";
			targets = (
				345115B11A422247001A2CB9 /* Midterm_Project */,
			);
		};
/* End PBXProject section */

/* Begin PBXSourcesBuildPhase section */
		345115AE1A422247001A2CB9 /* Sources */ = {
			isa = PBXSourcesBuildPhase;
			buildActionMask = 2147483647;
			files = (
				345115C01A422299001A2CB9 /* main.cpp in Sources */,
			);
			runOnlyForDeploymentPostprocessing = 0;
		};
/* End PBXSourcesBuildPhase section */

/* Begin XCBuildConfiguration section */
		345115B71A422247001A2CB9 /* Debug */ = {
			isa = XCBuildConfiguration;
			buildSettings = {
				ALWAYS_SEARCH_USER_PATHS = NO;
				CLANG_CXX_LANGUAGE_STANDARD = "gnu++0x";
				CLANG_CXX_LIBRARY = "libc++";
				CLANG_ENABLE_MODULES = YES;
				CLANG_ENABLE_OBJC_ARC = YES;
				CLANG_WARN_BOOL_CONVERSION = YES;
				CLANG_WARN_CONSTANT_CONVERSION = YES;
				CLANG_WARN_DIRECT_OBJC_ISA_USAGE = YES_ERROR;
				CLANG_WARN_EMPTY_BODY = YES;
				CLANG_WARN_ENUM_CONVERSION = YES;
				CLANG_WARN_INT_CONVERSION = YES;
				CLANG_WARN_OBJC_ROOT_CLASS = YES_ERROR;
				CLANG_WARN_UNREACHABLE_CODE = YES;
				CLANG_WARN__DUPLICATE_METHOD_MATCH = YES;
				COPY_PHASE_STRIP = NO;
				ENABLE_STRICT_OBJC_MSGSEND = YES;
				GCC_C_LANGUAGE_STANDARD = gnu99;
				GCC_DYNAMIC_NO_PIC = NO;
				GCC_OPTIMIZATION_LEVEL = 0;
				GCC_PREPROCESSOR_DEFINITIONS = (
					"DEBUG=1",
					"$(inherited)",
				);
				GCC_SYMBOLS_PRIVATE_EXTERN = NO;
				GCC_WARN_64_TO_32_BIT_CONVERSION = YES;
				GCC_WARN_ABOUT_RETURN_TYPE = YES_ERROR;
				GCC_WARN_UNDECLARED_SELECTOR = YES;
				GCC_WARN_UNINITIALIZED_AUTOS = YES_AGGRESSIVE;
				GCC_WARN_UNUSED_FUNCTION = YES;
				GCC_WARN_UNUSED_VARIABLE = YES;
				MACOSX_DEPLOYMENT_TARGET = 10.10;
				MTL_ENABLE_DEBUG_INFO = YES;
				ONLY_ACTIVE_ARCH = YES;
				SDKROOT = macosx;
			};
			name = Debug;
		};
		345115B81A422247001A2CB9 /* Release */ = {
			isa = XCBuildConfiguration;
			buildSettings = {
				ALWAYS_SEARCH_USER_PATHS = NO;
				CLANG_CXX_LANGUAGE_STANDARD = "gnu++0x";
				CLANG_CXX_LIBRARY = "libc++";
				CLANG_ENABLE_MODULES = YES;
				CLANG_ENABLE_OBJC_ARC = YES;
				CLANG_WARN_BOOL_CONVERSION = YES;
				CLANG_WARN_CONSTANT_CONVERSION = YES;
				CLANG_WARN_DIRECT_OBJC_ISA_USAGE = YES_ERROR;
				CLANG_WARN_EMPTY_BODY = YES;
				CLANG_WARN_ENUM_CONVERSION = YES;
				CLANG_WARN_INT_CONVERSION = YES;
				CLANG_WARN_OBJC_ROOT_CLASS = YES_ERROR;
				CLANG_WARN_UNREACHABLE_CODE = YES;
				CLANG_WARN__DUPLICATE_METHOD_MATCH = YES;
				COPY_PHASE_STRIP = YES;
				DEBUG_INFORMATION_FORMAT = "dwarf-with-dsym";
				ENABLE_NS_ASSERTIONS = NO;
				ENABLE_STRICT_OBJC_MSGSEND = YES;
				GCC_C_LANGUAGE_STANDARD = gnu99;
				GCC_WARN_64_TO_32_BIT_CONVERSION = YES;
				GCC_WARN_ABOUT_RETURN_TYPE = YES_ERROR;
				GCC_WARN_UNDECLARED_SELECTOR = YES;
				GCC_WARN_UNINITIALIZED_AUTOS = YES_AGGRESSIVE;
				GCC_WARN_UNUSED_FUNCTION = YES;
				GCC_WARN_UNUSED_VARIABLE = YES;
				MACOSX_DEPLOYMENT_TARGET = 10.10;
				MTL_ENABLE_DEBUG_INFO = NO;
				SDKROOT = macosx;
			};
			name = Release;
		};
		345115BA1A422247001A2CB9 /* Debug */ = {
			isa = XCBuildConfiguration;
			buildSettings = {
				PRODUCT_NAME = "$(TARGET_NAME)";
			};
			name = Debug;
		};
		345115BB1A422247001A2CB9 /* Release */ = {
			isa = XCBuildConfiguration;
			buildSettings = {
				PRODUCT_NAME = "$(TARGET_NAME)";
			};
			name = Release;
		};
/* End XCBuildConfiguration section */

/* Begin XCConfigurationList section */
		345115AD1A422247001A2CB9 /* Build configuration list for PBXProject "Midterm_Project" */ = {
			isa = XCConfigurationList;
			buildConfigurations = (
				345115B71A422247001A2CB9 /* Debug */,
				345115B81A422247001A2CB9 /* Release */,
			);
			defaultConfigurationIsVisible = 0;
			defaultConfigurationName = Release;
		};
		345115B91A422247001A2CB9 /* Build configuration list for PBXNativeTarget "Midterm_Project" */ = {
			isa = XCConfigurationList;
			buildConfigurations = (
				345115BA1A422247001A2CB9 /* Debug */,
				345115BB1A422247001A2CB9 /* Release */,
			);
			defaultConfigurationIsVisible = 0;
		};
/* End XCConfigurationList section */
	};
	rootObject = 345115AA1A422247001A2CB9 /* Project object */;
}
