// !$*UTF8*$!
{
	archiveVersion = 1;
	classes = {
	};
	objectVersion = 46;
	objects = {

/* Begin PBXBuildFile section */
		34944F641A3BE7FB0070B225 /* main.cpp in Sources */ = {isa = PBXBuildFile; fileRef = 34944F631A3BE7FB0070B225 /* main.cpp */; };
/* End PBXBuildFile section */

/* Begin PBXCopyFilesBuildPhase section */
		34944F5E1A3BE7FB0070B225 /* CopyFiles */ = {
			isa = PBXCopyFilesBuildPhase;
			buildActionMask = 2147483647;
			dstPath = /usr/share/man/man1/;
			dstSubfolderSpec = 0;
			files = (
			);
			runOnlyForDeploymentPostprocessing = 1;
		};
/* End PBXCopyFilesBuildPhase section */

/* Begin PBXFileReference section */
		34944F601A3BE7FB0070B225 /* Final_WeightedGraph */ = {isa = PBXFileReference; explicitFileType = "compiled.mach-o.executable"; includeInIndex = 0; path = Final_WeightedGraph; sourceTree = BUILT_PRODUCTS_DIR; };
		34944F631A3BE7FB0070B225 /* main.cpp */ = {isa = PBXFileReference; lastKnownFileType = sourcecode.cpp.cpp; path = main.cpp; sourceTree = "<group>"; };
		34944F741A3BEBF30070B225 /* WeightedGraph.h */ = {isa = PBXFileReference; lastKnownFileType = sourcecode.c.h; path = WeightedGraph.h; sourceTree = "<group>"; };
		34944F751A3BED7E0070B225 /* MinimumSpanningTree.h */ = {isa = PBXFileReference; lastKnownFileType = sourcecode.c.h; path = MinimumSpanningTree.h; sourceTree = "<group>"; };
		34944F761A3BEE880070B225 /* ShortestDistance.h */ = {isa = PBXFileReference; lastKnownFileType = sourcecode.c.h; path = ShortestDistance.h; sourceTree = "<group>"; };
/* End PBXFileReference section */

/* Begin PBXFrameworksBuildPhase section */
		34944F5D1A3BE7FB0070B225 /* Frameworks */ = {
			isa = PBXFrameworksBuildPhase;
			buildActionMask = 2147483647;
			files = (
			);
			runOnlyForDeploymentPostprocessing = 0;
		};
/* End PBXFrameworksBuildPhase section */

/* Begin PBXGroup section */
		34944F571A3BE7FB0070B225 = {
			isa = PBXGroup;
			children = (
				34944F621A3BE7FB0070B225 /* Final_WeightedGraph */,
				34944F611A3BE7FB0070B225 /* Products */,
			);
			sourceTree = "<group>";
		};
		34944F611A3BE7FB0070B225 /* Products */ = {
			isa = PBXGroup;
			children = (
				34944F601A3BE7FB0070B225 /* Final_WeightedGraph */,
			);
			name = Products;
			sourceTree = "<group>";
		};
		34944F621A3BE7FB0070B225 /* Final_WeightedGraph */ = {
			isa = PBXGroup;
			children = (
				34944F631A3BE7FB0070B225 /* main.cpp */,
				34944F741A3BEBF30070B225 /* WeightedGraph.h */,
				34944F751A3BED7E0070B225 /* MinimumSpanningTree.h */,
				34944F761A3BEE880070B225 /* ShortestDistance.h */,
			);
			path = Final_WeightedGraph;
			sourceTree = "<group>";
		};
/* End PBXGroup section */

/* Begin PBXNativeTarget section */
		34944F5F1A3BE7FB0070B225 /* Final_WeightedGraph */ = {
			isa = PBXNativeTarget;
			buildConfigurationList = 34944F671A3BE7FB0070B225 /* Build configuration list for PBXNativeTarget "Final_WeightedGraph" */;
			buildPhases = (
				34944F5C1A3BE7FB0070B225 /* Sources */,
				34944F5D1A3BE7FB0070B225 /* Frameworks */,
				34944F5E1A3BE7FB0070B225 /* CopyFiles */,
			);
			buildRules = (
			);
			dependencies = (
			);
			name = Final_WeightedGraph;
			productName = Final_WeightedGraph;
			productReference = 34944F601A3BE7FB0070B225 /* Final_WeightedGraph */;
			productType = "com.apple.product-type.tool";
		};
/* End PBXNativeTarget section */

/* Begin PBXProject section */
		34944F581A3BE7FB0070B225 /* Project object */ = {
			isa = PBXProject;
			attributes = {
				LastUpgradeCheck = 0610;
				ORGANIZATIONNAME = "Kory Brown";
				TargetAttributes = {
					34944F5F1A3BE7FB0070B225 = {
						CreatedOnToolsVersion = 6.1.1;
					};
				};
			};
			buildConfigurationList = 34944F5B1A3BE7FB0070B225 /* Build configuration list for PBXProject "Final_WeightedGraph" */;
			compatibilityVersion = "Xcode 3.2";
			developmentRegion = English;
			hasScannedForEncodings = 0;
			knownRegions = (
				en,
			);
			mainGroup = 34944F571A3BE7FB0070B225;
			productRefGroup = 34944F611A3BE7FB0070B225 /* Products */;
			projectDirPath = "";
			projectRoot = "";
			targets = (
				34944F5F1A3BE7FB0070B225 /* Final_WeightedGraph */,
			);
		};
/* End PBXProject section */

/* Begin PBXSourcesBuildPhase section */
		34944F5C1A3BE7FB0070B225 /* Sources */ = {
			isa = PBXSourcesBuildPhase;
			buildActionMask = 2147483647;
			files = (
				34944F641A3BE7FB0070B225 /* main.cpp in Sources */,
			);
			runOnlyForDeploymentPostprocessing = 0;
		};
/* End PBXSourcesBuildPhase section */

/* Begin XCBuildConfiguration section */
		34944F651A3BE7FB0070B225 /* Debug */ = {
			isa = XCBuildConfiguration;
			buildSettings = {
				ALWAYS_SEARCH_USER_PATHS = NO;
				CLANG_CXX_LANGUAGE_STANDARD = "gnu++0x";
				CLANG_CXX_LIBRARY = "libc++";
				CLANG_ENABLE_MODULES = YES;
				CLANG_ENABLE_OBJC_ARC = YES;
				CLANG_WARN_BOOL_CONVERSION = YES;
				CLANG_WARN_CONSTANT_CONVERSION = YES;
				CLANG_WARN_DIRECT_OBJC_ISA_USAGE = YES_ERROR;
				CLANG_WARN_EMPTY_BODY = YES;
				CLANG_WARN_ENUM_CONVERSION = YES;
				CLANG_WARN_INT_CONVERSION = YES;
				CLANG_WARN_OBJC_ROOT_CLASS = YES_ERROR;
				CLANG_WARN_UNREACHABLE_CODE = YES;
				CLANG_WARN__DUPLICATE_METHOD_MATCH = YES;
				COPY_PHASE_STRIP = NO;
				ENABLE_STRICT_OBJC_MSGSEND = YES;
				GCC_C_LANGUAGE_STANDARD = gnu99;
				GCC_DYNAMIC_NO_PIC = NO;
				GCC_OPTIMIZATION_LEVEL = 0;
				GCC_PREPROCESSOR_DEFINITIONS = (
					"DEBUG=1",
					"$(inherited)",
				);
				GCC_SYMBOLS_PRIVATE_EXTERN = NO;
				GCC_WARN_64_TO_32_BIT_CONVERSION = YES;
				GCC_WARN_ABOUT_RETURN_TYPE = YES_ERROR;
				GCC_WARN_UNDECLARED_SELECTOR = YES;
				GCC_WARN_UNINITIALIZED_AUTOS = YES_AGGRESSIVE;
				GCC_WARN_UNUSED_FUNCTION = YES;
				GCC_WARN_UNUSED_VARIABLE = YES;
				MACOSX_DEPLOYMENT_TARGET = 10.10;
				MTL_ENABLE_DEBUG_INFO = YES;
				ONLY_ACTIVE_ARCH = YES;
				SDKROOT = macosx;
			};
			name = Debug;
		};
		34944F661A3BE7FB0070B225 /* Release */ = {
			isa = XCBuildConfiguration;
			buildSettings = {
				ALWAYS_SEARCH_USER_PATHS = NO;
				CLANG_CXX_LANGUAGE_STANDARD = "gnu++0x";
				CLANG_CXX_LIBRARY = "libc++";
				CLANG_ENABLE_MODULES = YES;
				CLANG_ENABLE_OBJC_ARC = YES;
				CLANG_WARN_BOOL_CONVERSION = YES;
				CLANG_WARN_CONSTANT_CONVERSION = YES;
				CLANG_WARN_DIRECT_OBJC_ISA_USAGE = YES_ERROR;
				CLANG_WARN_EMPTY_BODY = YES;
				CLANG_WARN_ENUM_CONVERSION = YES;
				CLANG_WARN_INT_CONVERSION = YES;
				CLANG_WARN_OBJC_ROOT_CLASS = YES_ERROR;
				CLANG_WARN_UNREACHABLE_CODE = YES;
				CLANG_WARN__DUPLICATE_METHOD_MATCH = YES;
				COPY_PHASE_STRIP = YES;
				DEBUG_INFORMATION_FORMAT = "dwarf-with-dsym";
				ENABLE_NS_ASSERTIONS = NO;
				ENABLE_STRICT_OBJC_MSGSEND = YES;
				GCC_C_LANGUAGE_STANDARD = gnu99;
				GCC_WARN_64_TO_32_BIT_CONVERSION = YES;
				GCC_WARN_ABOUT_RETURN_TYPE = YES_ERROR;
				GCC_WARN_UNDECLARED_SELECTOR = YES;
				GCC_WARN_UNINITIALIZED_AUTOS = YES_AGGRESSIVE;
				GCC_WARN_UNUSED_FUNCTION = YES;
				GCC_WARN_UNUSED_VARIABLE = YES;
				MACOSX_DEPLOYMENT_TARGET = 10.10;
				MTL_ENABLE_DEBUG_INFO = NO;
				SDKROOT = macosx;
			};
			name = Release;
		};
		34944F681A3BE7FB0070B225 /* Debug */ = {
			isa = XCBuildConfiguration;
			buildSettings = {
				PRODUCT_NAME = "$(TARGET_NAME)";
			};
			name = Debug;
		};
		34944F691A3BE7FB0070B225 /* Release */ = {
			isa = XCBuildConfiguration;
			buildSettings = {
				PRODUCT_NAME = "$(TARGET_NAME)";
			};
			name = Release;
		};
/* End XCBuildConfiguration section */

/* Begin XCConfigurationList section */
		34944F5B1A3BE7FB0070B225 /* Build configuration list for PBXProject "Final_WeightedGraph" */ = {
			isa = XCConfigurationList;
			buildConfigurations = (
				34944F651A3BE7FB0070B225 /* Debug */,
				34944F661A3BE7FB0070B225 /* Release */,
			);
			defaultConfigurationIsVisible = 0;
			defaultConfigurationName = Release;
		};
		34944F671A3BE7FB0070B225 /* Build configuration list for PBXNativeTarget "Final_WeightedGraph" */ = {
			isa = XCConfigurationList;
			buildConfigurations = (
				34944F681A3BE7FB0070B225 /* Debug */,
				34944F691A3BE7FB0070B225 /* Release */,
			);
			defaultConfigurationIsVisible = 0;
		};
/* End XCConfigurationList section */
	};
	rootObject = 34944F581A3BE7FB0070B225 /* Project object */;
}
